
Microsoft Visual Studio Solution File, Format Version 12.00
Project("{FAE04EC0-301F-11D3-BF4B-00C04F79EFBC}") = "SimpleATMApplication", "SimpleATMApplication\SimpleATMApplication.csproj", "{BFA6E550-3255-4964-81BE-B61C632DA63F}"
EndProject
Global
	GlobalSection(SolutionConfigurationPlatforms) = preSolution
		Debug|Any CPU = Debug|Any CPU
		Release|Any CPU = Release|Any CPU
	EndGlobalSection
	GlobalSection(ProjectConfigurationPlatforms) = postSolution
		{BFA6E550-3255-4964-81BE-B61C632DA63F}.Debug|Any CPU.ActiveCfg = Debug|Any CPU
		{BFA6E550-3255-4964-81BE-B61C632DA63F}.Debug|Any CPU.Build.0 = Debug|Any CPU
		{BFA6E550-3255-4964-81BE-B61C632DA63F}.Release|Any CPU.ActiveCfg = Release|Any CPU
		{BFA6E550-3255-4964-81BE-B61C632DA63F}.Release|Any CPU.Build.0 = Release|Any CPU
	EndGlobalSection
EndGlobal
